
Microsoft Visual Studio Solution File, Format Version 12.00
# Visual Studio Version 16
VisualStudioVersion = 16.0.32002.261
MinimumVisualStudioVersion = 10.0.40219.1
Project("{FAE04EC0-301F-11D3-BF4B-00C04F79EFBC}") = "Caculator1", "Caculator1\Caculator1.csproj", "{2EE5C5C9-59AD-4880-AEB3-499F186664D2}"
EndProject
Global
	GlobalSection(SolutionConfigurationPlatforms) = preSolution
		Debug|Any CPU = Debug|Any CPU
		Release|Any CPU = Release|Any CPU
	EndGlobalSection
	GlobalSection(ProjectConfigurationPlatforms) = postSolution
		{2EE5C5C9-59AD-4880-AEB3-499F186664D2}.Debug|Any CPU.ActiveCfg = Debug|Any CPU
		{2EE5C5C9-59AD-4880-AEB3-499F186664D2}.Debug|Any CPU.Build.0 = Debug|Any CPU
		{2EE5C5C9-59AD-4880-AEB3-499F186664D2}.Release|Any CPU.ActiveCfg = Release|Any CPU
		{2EE5C5C9-59AD-4880-AEB3-499F186664D2}.Release|Any CPU.Build.0 = Release|Any CPU
	EndGlobalSection
	GlobalSection(SolutionProperties) = preSolution
		HideSolutionNode = FALSE
	EndGlobalSection
	GlobalSection(ExtensibilityGlobals) = postSolution
		SolutionGuid = {2703A185-167C-40A8-A17F-A8C804CD5B8A}
	EndGlobalSection
EndGlobal
